{
  "name": "dev-challenge",
  "version": "1.0.0",
  "lockfileVersion": 1,
  "requires": true,
  "dependencies": {
    "async": {
      "version": "1.5.2",
      "resolved": "https://registry.npmjs.org/async/-/async-1.5.2.tgz",
      "integrity": "sha1-7GphrlZIDAw8skHJVhjiCJL5Zyo="
    },
    "csvjson": {
      "version": "4.3.4",
      "resolved": "https://registry.npmjs.org/csvjson/-/csvjson-4.3.4.tgz",
      "integrity": "sha1-3Ew3XAJGIctuMVcsElQAm0CpOaM="
    },
    "file-match": {
      "version": "1.0.2",
      "resolved": "https://registry.npmjs.org/file-match/-/file-match-1.0.2.tgz",
      "integrity": "sha1-ycrSZdLIrfOoFHWw30dYWQafrvc=",
      "requires": {
        "utils-extend": "1.0.8"
      }
    },
    "file-system": {
      "version": "2.2.2",
      "resolved": "https://registry.npmjs.org/file-system/-/file-system-2.2.2.tgz",
      "integrity": "sha1-fWWDPjojR9zZVqgTxncVPtPt2Yc=",
      "requires": {
        "file-match": "1.0.2",
        "utils-extend": "1.0.8"
      }
    },
    "google-libphonenumber": {
      "version": "3.0.3",
      "resolved": "https://registry.npmjs.org/google-libphonenumber/-/google-libphonenumber-3.0.3.tgz",
      "integrity": "sha512-rccnC+MIWz/bEmIaTGwzMaTtSJf963xiAOWvsZUfS+gHSqVr0Dx/r/zTdYccsOfvQjztpNZfE5r9lPUCtnzCEw=="
    },
    "lodash": {
      "version": "4.17.4",
      "resolved": "https://registry.npmjs.org/lodash/-/lodash-4.17.4.tgz",
      "integrity": "sha1-eCA6TRwyiuHYbcpkYONptX9AVa4="
    },
    "schema-inspector": {
      "version": "1.6.8",
      "resolved": "https://registry.npmjs.org/schema-inspector/-/schema-inspector-1.6.8.tgz",
      "integrity": "sha1-ueU5g8xV/y29e2Xj2+CF2dEoXyo=",
      "requires": {
        "async": "1.5.2"
      }
    },
    "utils-extend": {
      "version": "1.0.8",
      "resolved": "https://registry.npmjs.org/utils-extend/-/utils-extend-1.0.8.tgz",
      "integrity": "sha1-zP17ZFQPjpDuIe7Fd2nQZRyril8="
    }
  }
}
